{
  "requires": true,
  "lockfileVersion": 1,
  "dependencies": {
    "@vimeo/player": {
      "version": "2.8.2",
      "resolved": "https://registry.npmjs.org/@vimeo/player/-/player-2.8.2.tgz",
      "integrity": "sha512-OVD+WLW7mP9R7h+QZ5qeVJsTa3uvQ83nQE2rLFQkhhJ2zl5CnSWr3ctFedn4ggZrykyve6zbovZ8f6Xc0EIJHw==",
      "requires": {
        "native-promise-only": "0.8.1",
        "weakmap-polyfill": "2.0.0"
      }
    },
    "classnames": {
      "version": "2.3.1",
      "resolved": "https://registry.npmjs.org/classnames/-/classnames-2.3.1.tgz",
      "integrity": "sha512-OlQdbZ7gLfGarSqxesMesDa5uz7KFbID8Kpq/SxIoNGDqY8lSYs0D+hhtBXhcdB3rcbXArFr7vlHheLk1voeNA=="
    },
    "deepmerge": {
      "version": "4.2.2",
      "resolved": "https://registry.npmjs.org/deepmerge/-/deepmerge-4.2.2.tgz",
      "integrity": "sha512-FJ3UgI4gIl+PHZm53knsuSFpE+nESMr7M4v9QcgB7S63Kj/6WqMiFQJpBBYz1Pt+66bZpP3Q7Lye0Oo9MPKEdg=="
    },
    "eventemitter3": {
      "version": "4.0.7",
      "resolved": "https://registry.npmjs.org/eventemitter3/-/eventemitter3-4.0.7.tgz",
      "integrity": "sha512-8guHBZCwKnFhYdHr2ysuRWErTwhoN2X8XELRlrRwpmfeY2jjuUN4taQMsULKUVo1K4DvZl+0pgfyoysHxvmvEw=="
    },
    "hls.js": {
      "version": "0.14.17",
      "resolved": "https://registry.npmjs.org/hls.js/-/hls.js-0.14.17.tgz",
      "integrity": "sha512-25A7+m6qqp6UVkuzUQ//VVh2EEOPYlOBg32ypr34bcPO7liBMOkKFvbjbCBfiPAOTA/7BSx1Dujft3Th57WyFg==",
      "requires": {
        "eventemitter3": "^4.0.3",
        "url-toolkit": "^2.1.6"
      }
    },
    "js-tokens": {
      "version": "4.0.0",
      "resolved": "https://registry.npmjs.org/js-tokens/-/js-tokens-4.0.0.tgz",
      "integrity": "sha512-RdJUflcE3cUzKiMqQgsCu06FPu9UdIJO0beYbPhHN4k6apgJtifcoCtT9bcxOpYBtpD2kCM6Sbzg4CausW/PKQ=="
    },
    "load-script": {
      "version": "1.0.0",
      "resolved": "https://registry.npmjs.org/load-script/-/load-script-1.0.0.tgz",
      "integrity": "sha1-BJGTngvuVkPuSUp+PaPSuscMbKQ="
    },
    "loose-envify": {
      "version": "1.4.0",
      "resolved": "https://registry.npmjs.org/loose-envify/-/loose-envify-1.4.0.tgz",
      "integrity": "sha512-lyuxPGr/Wfhrlem2CL/UcnUc1zcqKAImBDzukY7Y5F/yQiNdko6+fRLevlw1HgMySw7f611UIY408EtxRSoK3Q==",
      "requires": {
        "js-tokens": "^3.0.0 || ^4.0.0"
      }
    },
    "memoize-one": {
      "version": "5.2.1",
      "resolved": "https://registry.npmjs.org/memoize-one/-/memoize-one-5.2.1.tgz",
      "integrity": "sha512-zYiwtZUcYyXKo/np96AGZAckk+FWWsUdJ3cHGGmld7+AhvcWmQyGCYUh1hc4Q/pkOhb65dQR/pqCyK0cOaHz4Q=="
    },
    "native-promise-only": {
      "version": "0.8.1",
      "resolved": "https://registry.npmjs.org/native-promise-only/-/native-promise-only-0.8.1.tgz",
      "integrity": "sha1-IKMYwwy0X3H+et+/eyHJnBRy7xE="
    },
    "object-assign": {
      "version": "4.1.1",
      "resolved": "https://registry.npmjs.org/object-assign/-/object-assign-4.1.1.tgz",
      "integrity": "sha1-IQmtx5ZYh8/AXLvUQsrIv7s2CGM="
    },
    "pro-gallery-lib": {
      "version": "3.1.37",
      "resolved": "https://registry.npmjs.org/pro-gallery-lib/-/pro-gallery-lib-3.1.37.tgz",
      "integrity": "sha512-pNJxzOSg90JQ08J8+uPwM/HMoM78BTffAUtr4Cd0hIbCen/JKfCwlDmcGIpS1/FElgLLVIYAOJpodtBuM4WWEg==",
      "requires": {
        "pro-layouts": "3.1.37"
      }
    },
    "pro-layouts": {
      "version": "3.1.37",
      "resolved": "https://registry.npmjs.org/pro-layouts/-/pro-layouts-3.1.37.tgz",
      "integrity": "sha512-VOnnqjKRsObyXEAUGYAZF/VyxuNWzym7kiSQX8tyOy5qrNO6Vx9SHfqHKuJ82kFbZ3CnVbMXv7UpHWOXRXRGRw=="
    },
    "prop-types": {
      "version": "15.8.1",
      "resolved": "https://registry.npmjs.org/prop-types/-/prop-types-15.8.1.tgz",
      "integrity": "sha512-oj87CgZICdulUohogVAR7AjlC0327U4el4L6eAvOqCeudMDVU0NThNaV+b9Df4dXgSP1gXMTnPdhfe/2qDH5cg==",
      "requires": {
        "loose-envify": "^1.4.0",
        "object-assign": "^4.1.1",
        "react-is": "^16.13.1"
      }
    },
    "react-easy-swipe": {
      "version": "0.0.21",
      "resolved": "https://registry.npmjs.org/react-easy-swipe/-/react-easy-swipe-0.0.21.tgz",
      "integrity": "sha512-OeR2jAxdoqUMHIn/nS9fgreI5hSpgGoL5ezdal4+oO7YSSgJR8ga+PkYGJrSrJ9MKlPcQjMQXnketrD7WNmNsg==",
      "requires": {
        "prop-types": "^15.5.8"
      }
    },
    "react-fast-compare": {
      "version": "3.2.0",
      "resolved": "https://registry.npmjs.org/react-fast-compare/-/react-fast-compare-3.2.0.tgz",
      "integrity": "sha512-rtGImPZ0YyLrscKI9xTpV8psd6I8VAtjKCzQDlzyDvqJA8XOW78TXYQwNRNd8g8JZnDu8q9Fu/1v4HPAVwVdHA=="
    },
    "react-is": {
      "version": "16.13.1",
      "resolved": "https://registry.npmjs.org/react-is/-/react-is-16.13.1.tgz",
      "integrity": "sha512-24e6ynE2H+OKt4kqsOvNd8kBpV65zoxbA4BVsEOB3ARVWQki/DHzaUoC5KuON/BiccDaCCTZBuOcfZs70kR8bQ=="
    },
    "react-player": {
      "version": "2.9.0",
      "resolved": "https://registry.npmjs.org/react-player/-/react-player-2.9.0.tgz",
      "integrity": "sha512-jNUkTfMmUhwPPAktAdIqiBcVUKsFKrVGH6Ocutj6535CNfM91yrvWxHg6fvIX8Y/fjYUPoejddwh7qboNV9vGA==",
      "requires": {
        "deepmerge": "^4.0.0",
        "load-script": "^1.0.0",
        "memoize-one": "^5.1.1",
        "prop-types": "^15.7.2",
        "react-fast-compare": "^3.0.1"
      }
    },
    "react-responsive-carousel": {
      "version": "3.2.22",
      "resolved": "https://registry.npmjs.org/react-responsive-carousel/-/react-responsive-carousel-3.2.22.tgz",
      "integrity": "sha512-/r7dsIaN+l417IYIS0Fr7Z5VlpK3KYnTIIsdVCWSqtuJRIZNM+qdBIA4RIbzQtuW/ZBTnQanBecblCxg0HCqLQ==",
      "requires": {
        "classnames": "^2.2.5",
        "prop-types": "^15.5.8",
        "react-easy-swipe": "^0.0.21"
      }
    },
    "url-toolkit": {
      "version": "2.2.5",
      "resolved": "https://registry.npmjs.org/url-toolkit/-/url-toolkit-2.2.5.tgz",
      "integrity": "sha512-mtN6xk+Nac+oyJ/PrI7tzfmomRVNFIWKUbG8jdYFt52hxbiReFAXIjYskvu64/dvuW71IcB7lV8l0HvZMac6Jg=="
    },
    "weakmap-polyfill": {
      "version": "2.0.0",
      "resolved": "https://registry.npmjs.org/weakmap-polyfill/-/weakmap-polyfill-2.0.0.tgz",
      "integrity": "sha1-jyj5NeOFOJatQHR+UljbV42dyN4="
    }
  }
}
